// !$*UTF8*$!
{
	archiveVersion = 1;
	classes = {
	};
	objectVersion = 48;
	objects = {

/* Begin PBXBuildFile section */
		A62D2FBC2087046D0063C8E4 /* AppDelegate.swift in Sources */ = {isa = PBXBuildFile; fileRef = A62D2FBB2087046D0063C8E4 /* AppDelegate.swift */; };
		A62D2FBE2087046D0063C8E4 /* ViewController.swift in Sources */ = {isa = PBXBuildFile; fileRef = A62D2FBD2087046D0063C8E4 /* ViewController.swift */; };
		A62D2FC12087046D0063C8E4 /* Main.storyboard in Resources */ = {isa = PBXBuildFile; fileRef = A62D2FBF2087046D0063C8E4 /* Main.storyboard */; };
		A62D2FC32087046D0063C8E4 /* Assets.xcassets in Resources */ = {isa = PBXBuildFile; fileRef = A62D2FC22087046D0063C8E4 /* Assets.xcassets */; };
		A62D2FC62087046D0063C8E4 /* LaunchScreen.storyboard in Resources */ = {isa = PBXBuildFile; fileRef = A62D2FC42087046D0063C8E4 /* LaunchScreen.storyboard */; };
/* End PBXBuildFile section */

/* Begin PBXFileReference section */
		A62D2FB82087046D0063C8E4 /* On The Map.app */ = {isa = PBXFileReference; explicitFileType = wrapper.application; includeInIndex = 0; path = "On The Map.app"; sourceTree = BUILT_PRODUCTS_DIR; };
		A62D2FBB2087046D0063C8E4 /* AppDelegate.swift */ = {isa = PBXFileReference; lastKnownFileType = sourcecode.swift; path = AppDelegate.swift; sourceTree = "<group>"; };
		A62D2FBD2087046D0063C8E4 /* ViewController.swift */ = {isa = PBXFileReference; lastKnownFileType = sourcecode.swift; path = ViewController.swift; sourceTree = "<group>"; };
		A62D2FC02087046D0063C8E4 /* Base */ = {isa = PBXFileReference; lastKnownFileType = file.storyboard; name = Base; path = Base.lproj/Main.storyboard; sourceTree = "<group>"; };
		A62D2FC22087046D0063C8E4 /* Assets.xcassets */ = {isa = PBXFileReference; lastKnownFileType = folder.assetcatalog; path = Assets.xcassets; sourceTree = "<group>"; };
		A62D2FC52087046D0063C8E4 /* Base */ = {isa = PBXFileReference; lastKnownFileType = file.storyboard; name = Base; path = Base.lproj/LaunchScreen.storyboard; sourceTree = "<group>"; };
		A62D2FC72087046D0063C8E4 /* Info.plist */ = {isa = PBXFileReference; lastKnownFileType = text.plist.xml; path = Info.plist; sourceTree = "<group>"; };
/* End PBXFileReference section */

/* Begin PBXFrameworksBuildPhase section */
		A62D2FB52087046D0063C8E4 /* Frameworks */ = {
			isa = PBXFrameworksBuildPhase;
			buildActionMask = 2147483647;
			files = (
			);
			runOnlyForDeploymentPostprocessing = 0;
		};
/* End PBXFrameworksBuildPhase section */

/* Begin PBXGroup section */
		A62D2FAF2087046D0063C8E4 = {
			isa = PBXGroup;
			children = (
				A62D2FBA2087046D0063C8E4 /* On The Map */,
				A62D2FB92087046D0063C8E4 /* Products */,
			);
			sourceTree = "<group>";
		};
		A62D2FB92087046D0063C8E4 /* Products */ = {
			isa = PBXGroup;
			children = (
				A62D2FB82087046D0063C8E4 /* On The Map.app */,
			);
			name = Products;
			sourceTree = "<group>";
		};
		A62D2FBA2087046D0063C8E4 /* On The Map */ = {
			isa = PBXGroup;
			children = (
				A62D2FBB2087046D0063C8E4 /* AppDelegate.swift */,
				A62D2FBD2087046D0063C8E4 /* ViewController.swift */,
				A62D2FBF2087046D0063C8E4 /* Main.storyboard */,
				A62D2FC22087046D0063C8E4 /* Assets.xcassets */,
				A62D2FC42087046D0063C8E4 /* LaunchScreen.storyboard */,
				A62D2FC72087046D0063C8E4 /* Info.plist */,
			);
			path = "On The Map";
			sourceTree = "<group>";
		};
/* End PBXGroup section */

/* Begin PBXNativeTarget section */
		A62D2FB72087046D0063C8E4 /* On The Map */ = {
			isa = PBXNativeTarget;
			buildConfigurationList = A62D2FCA2087046D0063C8E4 /* Build configuration list for PBXNativeTarget "On The Map" */;
			buildPhases = (
				A62D2FB42087046D0063C8E4 /* Sources */,
				A62D2FB52087046D0063C8E4 /* Frameworks */,
				A62D2FB62087046D0063C8E4 /* Resources */,
			);
			buildRules = (
			);
			dependencies = (
			);
			name = "On The Map";
			productName = "On The Map";
			productReference = A62D2FB82087046D0063C8E4 /* On The Map.app */;
			productType = "com.apple.product-type.application";
		};
/* End PBXNativeTarget section */

/* Begin PBXProject section */
		A62D2FB02087046D0063C8E4 /* Project object */ = {
			isa = PBXProject;
			attributes = {
				LastSwiftUpdateCheck = 0900;
				LastUpgradeCheck = 0900;
				ORGANIZATIONNAME = "Hunter Sparrow";
				TargetAttributes = {
					A62D2FB72087046D0063C8E4 = {
						CreatedOnToolsVersion = 9.0;
						ProvisioningStyle = Automatic;
					};
				};
			};
			buildConfigurationList = A62D2FB32087046D0063C8E4 /* Build configuration list for PBXProject "On The Map" */;
			compatibilityVersion = "Xcode 8.0";
			developmentRegion = en;
			hasScannedForEncodings = 0;
			knownRegions = (
				en,
				Base,
			);
			mainGroup = A62D2FAF2087046D0063C8E4;
			productRefGroup = A62D2FB92087046D0063C8E4 /* Products */;
			projectDirPath = "";
			projectRoot = "";
			targets = (
				A62D2FB72087046D0063C8E4 /* On The Map */,
			);
		};
/* End PBXProject section */

/* Begin PBXResourcesBuildPhase section */
		A62D2FB62087046D0063C8E4 /* Resources */ = {
			isa = PBXResourcesBuildPhase;
			buildActionMask = 2147483647;
			files = (
				A62D2FC62087046D0063C8E4 /* LaunchScreen.storyboard in Resources */,
				A62D2FC32087046D0063C8E4 /* Assets.xcassets in Resources */,
				A62D2FC12087046D0063C8E4 /* Main.storyboard in Resources */,
			);
			runOnlyForDeploymentPostprocessing = 0;
		};
/* End PBXResourcesBuildPhase section */

/* Begin PBXSourcesBuildPhase section */
		A62D2FB42087046D0063C8E4 /* Sources */ = {
			isa = PBXSourcesBuildPhase;
			buildActionMask = 2147483647;
			files = (
				A62D2FBE2087046D0063C8E4 /* ViewController.swift in Sources */,
				A62D2FBC2087046D0063C8E4 /* AppDelegate.swift in Sources */,
			);
			runOnlyForDeploymentPostprocessing = 0;
		};
/* End PBXSourcesBuildPhase section */

/* Begin PBXVariantGroup section */
		A62D2FBF2087046D0063C8E4 /* Main.storyboard */ = {
			isa = PBXVariantGroup;
			children = (
				A62D2FC02087046D0063C8E4 /* Base */,
			);
			name = Main.storyboard;
			sourceTree = "<group>";
		};
		A62D2FC42087046D0063C8E4 /* LaunchScreen.storyboard */ = {
			isa = PBXVariantGroup;
			children = (
				A62D2FC52087046D0063C8E4 /* Base */,
			);
			name = LaunchScreen.storyboard;
			sourceTree = "<group>";
		};
/* End PBXVariantGroup section */

/* Begin XCBuildConfiguration section */
		A62D2FC82087046D0063C8E4 /* Debug */ = {
			isa = XCBuildConfiguration;
			buildSettings = {
				ALWAYS_SEARCH_USER_PATHS = NO;
				CLANG_ANALYZER_NONNULL = YES;
				CLANG_ANALYZER_NUMBER_OBJECT_CONVERSION = YES_AGGRESSIVE;
				CLANG_CXX_LANGUAGE_STANDARD = "gnu++14";
				CLANG_CXX_LIBRARY = "libc++";
				CLANG_ENABLE_MODULES = YES;
				CLANG_ENABLE_OBJC_ARC = YES;
				CLANG_WARN_BLOCK_CAPTURE_AUTORELEASING = YES;
				CLANG_WARN_BOOL_CONVERSION = YES;
				CLANG_WARN_COMMA = YES;
				CLANG_WARN_CONSTANT_CONVERSION = YES;
				CLANG_WARN_DIRECT_OBJC_ISA_USAGE = YES_ERROR;
				CLANG_WARN_DOCUMENTATION_COMMENTS = YES;
				CLANG_WARN_EMPTY_BODY = YES;
				CLANG_WARN_ENUM_CONVERSION = YES;
				CLANG_WARN_INFINITE_RECURSION = YES;
				CLANG_WARN_INT_CONVERSION = YES;
				CLANG_WARN_NON_LITERAL_NULL_CONVERSION = YES;
				CLANG_WARN_OBJC_LITERAL_CONVERSION = YES;
				CLANG_WARN_OBJC_ROOT_CLASS = YES_ERROR;
				CLANG_WARN_RANGE_LOOP_ANALYSIS = YES;
				CLANG_WARN_STRICT_PROTOTYPES = YES;
				CLANG_WARN_SUSPICIOUS_MOVE = YES;
				CLANG_WARN_UNGUARDED_AVAILABILITY = YES_AGGRESSIVE;
				CLANG_WARN_UNREACHABLE_CODE = YES;
				CLANG_WARN__DUPLICATE_METHOD_MATCH = YES;
				CODE_SIGN_IDENTITY = "iPhone Developer";
				COPY_PHASE_STRIP = NO;
				DEBUG_INFORMATION_FORMAT = dwarf;
				ENABLE_STRICT_OBJC_MSGSEND = YES;
				ENABLE_TESTABILITY = YES;
				GCC_C_LANGUAGE_STANDARD = gnu11;
				GCC_DYNAMIC_NO_PIC = NO;
				GCC_NO_COMMON_BLOCKS = YES;
				GCC_OPTIMIZATION_LEVEL = 0;
				GCC_PREPROCESSOR_DEFINITIONS = (
					"DEBUG=1",
					"$(inherited)",
				);
				GCC_WARN_64_TO_32_BIT_CONVERSION = YES;
				GCC_WARN_ABOUT_RETURN_TYPE = YES_ERROR;
				GCC_WARN_UNDECLARED_SELECTOR = YES;
				GCC_WARN_UNINITIALIZED_AUTOS = YES_AGGRESSIVE;
				GCC_WARN_UNUSED_FUNCTION = YES;
				GCC_WARN_UNUSED_VARIABLE = YES;
				IPHONEOS_DEPLOYMENT_TARGET = 11.0;
				MTL_ENABLE_DEBUG_INFO = YES;
				ONLY_ACTIVE_ARCH = YES;
				SDKROOT = iphoneos;
				SWIFT_ACTIVE_COMPILATION_CONDITIONS = DEBUG;
				SWIFT_OPTIMIZATION_LEVEL = "-Onone";
			};
			name = Debug;
		};
		A62D2FC92087046D0063C8E4 /* Release */ = {
			isa = XCBuildConfiguration;
			buildSettings = {
				ALWAYS_SEARCH_USER_PATHS = NO;
				CLANG_ANALYZER_NONNULL = YES;
				CLANG_ANALYZER_NUMBER_OBJECT_CONVERSION = YES_AGGRESSIVE;
				CLANG_CXX_LANGUAGE_STANDARD = "gnu++14";
				CLANG_CXX_LIBRARY = "libc++";
				CLANG_ENABLE_MODULES = YES;
				CLANG_ENABLE_OBJC_ARC = YES;
				CLANG_WARN_BLOCK_CAPTURE_AUTORELEASING = YES;
				CLANG_WARN_BOOL_CONVERSION = YES;
				CLANG_WARN_COMMA = YES;
				CLANG_WARN_CONSTANT_CONVERSION = YES;
				CLANG_WARN_DIRECT_OBJC_ISA_USAGE = YES_ERROR;
				CLANG_WARN_DOCUMENTATION_COMMENTS = YES;
				CLANG_WARN_EMPTY_BODY = YES;
				CLANG_WARN_ENUM_CONVERSION = YES;
				CLANG_WARN_INFINITE_RECURSION = YES;
				CLANG_WARN_INT_CONVERSION = YES;
				CLANG_WARN_NON_LITERAL_NULL_CONVERSION = YES;
				CLANG_WARN_OBJC_LITERAL_CONVERSION = YES;
				CLANG_WARN_OBJC_ROOT_CLASS = YES_ERROR;
				CLANG_WARN_RANGE_LOOP_ANALYSIS = YES;
				CLANG_WARN_STRICT_PROTOTYPES = YES;
				CLANG_WARN_SUSPICIOUS_MOVE = YES;
				CLANG_WARN_UNGUARDED_AVAILABILITY = YES_AGGRESSIVE;
				CLANG_WARN_UNREACHABLE_CODE = YES;
				CLANG_WARN__DUPLICATE_METHOD_MATCH = YES;
				CODE_SIGN_IDENTITY = "iPhone Developer";
				COPY_PHASE_STRIP = NO;
				DEBUG_INFORMATION_FORMAT = "dwarf-with-dsym";
				ENABLE_NS_ASSERTIONS = NO;
				ENABLE_STRICT_OBJC_MSGSEND = YES;
				GCC_C_LANGUAGE_STANDARD = gnu11;
				GCC_NO_COMMON_BLOCKS = YES;
				GCC_WARN_64_TO_32_BIT_CONVERSION = YES;
				GCC_WARN_ABOUT_RETURN_TYPE = YES_ERROR;
				GCC_WARN_UNDECLARED_SELECTOR = YES;
				GCC_WARN_UNINITIALIZED_AUTOS = YES_AGGRESSIVE;
				GCC_WARN_UNUSED_FUNCTION = YES;
				GCC_WARN_UNUSED_VARIABLE = YES;
				IPHONEOS_DEPLOYMENT_TARGET = 11.0;
				MTL_ENABLE_DEBUG_INFO = NO;
				SDKROOT = iphoneos;
				SWIFT_OPTIMIZATION_LEVEL = "-Owholemodule";
				VALIDATE_PRODUCT = YES;
			};
			name = Release;
		};
		A62D2FCB2087046D0063C8E4 /* Debug */ = {
			isa = XCBuildConfiguration;
			buildSettings = {
				ASSETCATALOG_COMPILER_APPICON_NAME = AppIcon;
				CODE_SIGN_STYLE = Automatic;
				DEVELOPMENT_TEAM = ZW9GDABBQ3;
				INFOPLIST_FILE = "On The Map/Info.plist";
				LD_RUNPATH_SEARCH_PATHS = "$(inherited) @executable_path/Frameworks";
				PRODUCT_BUNDLE_IDENTIFIER = "com.huntersparrow.On-The-Map";
				PRODUCT_NAME = "$(TARGET_NAME)";
				SWIFT_VERSION = 4.0;
				TARGETED_DEVICE_FAMILY = "1,2";
			};
			name = Debug;
		};
		A62D2FCC2087046D0063C8E4 /* Release */ = {
			isa = XCBuildConfiguration;
			buildSettings = {
				ASSETCATALOG_COMPILER_APPICON_NAME = AppIcon;
				CODE_SIGN_STYLE = Automatic;
				DEVELOPMENT_TEAM = ZW9GDABBQ3;
				INFOPLIST_FILE = "On The Map/Info.plist";
				LD_RUNPATH_SEARCH_PATHS = "$(inherited) @executable_path/Frameworks";
				PRODUCT_BUNDLE_IDENTIFIER = "com.huntersparrow.On-The-Map";
				PRODUCT_NAME = "$(TARGET_NAME)";
				SWIFT_VERSION = 4.0;
				TARGETED_DEVICE_FAMILY = "1,2";
			};
			name = Release;
		};
/* End XCBuildConfiguration section */

/* Begin XCConfigurationList section */
		A62D2FB32087046D0063C8E4 /* Build configuration list for PBXProject "On The Map" */ = {
			isa = XCConfigurationList;
			buildConfigurations = (
				A62D2FC82087046D0063C8E4 /* Debug */,
				A62D2FC92087046D0063C8E4 /* Release */,
			);
			defaultConfigurationIsVisible = 0;
			defaultConfigurationName = Release;
		};
		A62D2FCA2087046D0063C8E4 /* Build configuration list for PBXNativeTarget "On The Map" */ = {
			isa = XCConfigurationList;
			buildConfigurations = (
				A62D2FCB2087046D0063C8E4 /* Debug */,
				A62D2FCC2087046D0063C8E4 /* Release */,
			);
			defaultConfigurationIsVisible = 0;
			defaultConfigurationName = Release;
		};
/* End XCConfigurationList section */
	};
	rootObject = A62D2FB02087046D0063C8E4 /* Project object */;
}
